// !$*UTF8*$!
{
	archiveVersion = 1;
	classes = {
	};
	objectVersion = 77;
	objects = {

/* Begin PBXContainerItemProxy section */
		246AF4AF2EEB0F200029072F /* PBXContainerItemProxy */ = {
			isa = PBXContainerItemProxy;
			containerPortal = 246AF4992EEB0F1F0029072F /* Project object */;
			proxyType = 1;
			remoteGlobalIDString = 246AF4A02EEB0F1F0029072F;
			remoteInfo = StudyQuestApp;
		};
		246AF4B92EEB0F210029072F /* PBXContainerItemProxy */ = {
			isa = PBXContainerItemProxy;
			containerPortal = 246AF4992EEB0F1F0029072F /* Project object */;
			proxyType = 1;
			remoteGlobalIDString = 246AF4A02EEB0F1F0029072F;
			remoteInfo = StudyQuestApp;
		};
/* End PBXContainerItemProxy section */

/* Begin PBXFileReference section */
		246AF4A12EEB0F1F0029072F /* benk.app */ = {isa = PBXFileReference; explicitFileType = wrapper.application; includeInIndex = 0; path = benk.app; sourceTree = BUILT_PRODUCTS_DIR; };
		246AF4AE2EEB0F200029072F /* benkTests.xctest */ = {isa = PBXFileReference; explicitFileType = wrapper.cfbundle; includeInIndex = 0; path = benkTests.xctest; sourceTree = BUILT_PRODUCTS_DIR; };
		246AF4B82EEB0F210029072F /* benkUITests.xctest */ = {isa = PBXFileReference; explicitFileType = wrapper.cfbundle; includeInIndex = 0; path = benkUITests.xctest; sourceTree = BUILT_PRODUCTS_DIR; };
/* End PBXFileReference section */

/* Begin PBXFileSystemSynchronizedRootGroup section */
		246AF4A32EEB0F1F0029072F /* benk */ = {
			isa = PBXFileSystemSynchronizedRootGroup;
			path = benk;
			sourceTree = "<group>";
		};
		246AF4B12EEB0F200029072F /* benkTests */ = {
			isa = PBXFileSystemSynchronizedRootGroup;
			path = benkTests;
			sourceTree = "<group>";
		};
		246AF4BB2EEB0F210029072F /* benkUITests */ = {
			isa = PBXFileSystemSynchronizedRootGroup;
			path = benkUITests;
			sourceTree = "<group>";
		};
/* End PBXFileSystemSynchronizedRootGroup section */

/* Begin PBXFrameworksBuildPhase section */
		246AF49E2EEB0F1F0029072F /* Frameworks */ = {
			isa = PBXFrameworksBuildPhase;
			buildActionMask = 2147483647;
			files = (
			);
			runOnlyForDeploymentPostprocessing = 0;
		};
		246AF4AB2EEB0F200029072F /* Frameworks */ = {
			isa = PBXFrameworksBuildPhase;
			buildActionMask = 2147483647;
			files = (
			);
			runOnlyForDeploymentPostprocessing = 0;
		};
		246AF4B52EEB0F210029072F /* Frameworks */ = {
			isa = PBXFrameworksBuildPhase;
			buildActionMask = 2147483647;
			files = (
			);
			runOnlyForDeploymentPostprocessing = 0;
		};
/* End PBXFrameworksBuildPhase section */

/* Begin PBXGroup section */
		246AF4982EEB0F1F0029072F = {
			isa = PBXGroup;
			children = (
				246AF4A32EEB0F1F0029072F /* benk */,
				246AF4B12EEB0F200029072F /* benkTests */,
				246AF4BB2EEB0F210029072F /* benkUITests */,
				246AF4A22EEB0F1F0029072F /* Products */,
			);
			sourceTree = "<group>";
		};
		246AF4A22EEB0F1F0029072F /* Products */ = {
			isa = PBXGroup;
			children = (
				246AF4A12EEB0F1F0029072F /* benk.app */,
				246AF4AE2EEB0F200029072F /* benkTests.xctest */,
				246AF4B82EEB0F210029072F /* benkUITests.xctest */,
			);
			name = Products;
			sourceTree = "<group>";
		};
/* End PBXGroup section */

/* Begin PBXNativeTarget section */
		246AF4A02EEB0F1F0029072F /* benk */ = {
			isa = PBXNativeTarget;
			buildConfigurationList = 246AF4C22EEB0F210029072F /* Build configuration list for PBXNativeTarget "benk" */;
			buildPhases = (
				246AF49D2EEB0F1F0029072F /* Sources */,
				246AF49E2EEB0F1F0029072F /* Frameworks */,
				246AF49F2EEB0F1F0029072F /* Resources */,
			);
			buildRules = (
			);
			dependencies = (
			);
			fileSystemSynchronizedGroups = (
				246AF4A32EEB0F1F0029072F /* benk */,
			);
			name = benk;
			packageProductDependencies = (
			);
			productName = StudyQuestApp;
			productReference = 246AF4A12EEB0F1F0029072F /* benk.app */;
			productType = "com.apple.product-type.application";
		};
		246AF4AD2EEB0F200029072F /* benkTests */ = {
			isa = PBXNativeTarget;
			buildConfigurationList = 246AF4C52EEB0F210029072F /* Build configuration list for PBXNativeTarget "benkTests" */;
			buildPhases = (
				246AF4AA2EEB0F200029072F /* Sources */,
				246AF4AB2EEB0F200029072F /* Frameworks */,
				246AF4AC2EEB0F200029072F /* Resources */,
			);
			buildRules = (
			);
			dependencies = (
				246AF4B02EEB0F200029072F /* PBXTargetDependency */,
			);
			fileSystemSynchronizedGroups = (
				246AF4B12EEB0F200029072F /* benkTests */,
			);
			name = benkTests;
			packageProductDependencies = (
			);
			productName = StudyQuestAppTests;
			productReference = 246AF4AE2EEB0F200029072F /* benkTests.xctest */;
			productType = "com.apple.product-type.bundle.unit-test";
		};
		246AF4B72EEB0F210029072F /* benkUITests */ = {
			isa = PBXNativeTarget;
			buildConfigurationList = 246AF4C82EEB0F210029072F /* Build configuration list for PBXNativeTarget "benkUITests" */;
			buildPhases = (
				246AF4B42EEB0F210029072F /* Sources */,
				246AF4B52EEB0F210029072F /* Frameworks */,
				246AF4B62EEB0F210029072F /* Resources */,
			);
			buildRules = (
			);
			dependencies = (
				246AF4BA2EEB0F210029072F /* PBXTargetDependency */,
			);
			fileSystemSynchronizedGroups = (
				246AF4BB2EEB0F210029072F /* benkUITests */,
			);
			name = benkUITests;
			packageProductDependencies = (
			);
			productName = StudyQuestAppUITests;
			productReference = 246AF4B82EEB0F210029072F /* benkUITests.xctest */;
			productType = "com.apple.product-type.bundle.ui-testing";
		};
/* End PBXNativeTarget section */

/* Begin PBXProject section */
		246AF4992EEB0F1F0029072F /* Project object */ = {
			isa = PBXProject;
			attributes = {
				BuildIndependentTargetsInParallel = 1;
				LastSwiftUpdateCheck = 1640;
				LastUpgradeCheck = 1640;
				TargetAttributes = {
					246AF4A02EEB0F1F0029072F = {
						CreatedOnToolsVersion = 16.4;
						LastSwiftMigration = 1640;
					};
					246AF4AD2EEB0F200029072F = {
						CreatedOnToolsVersion = 16.4;
						LastSwiftMigration = 1640;
						TestTargetID = 246AF4A02EEB0F1F0029072F;
					};
					246AF4B72EEB0F210029072F = {
						CreatedOnToolsVersion = 16.4;
						TestTargetID = 246AF4A02EEB0F1F0029072F;
					};
				};
			};
			buildConfigurationList = 246AF49C2EEB0F1F0029072F /* Build configuration list for PBXProject "benk" */;
			developmentRegion = en;
			hasScannedForEncodings = 0;
			knownRegions = (
				en,
				Base,
			);
			mainGroup = 246AF4982EEB0F1F0029072F;
			minimizedProjectReferenceProxies = 1;
			preferredProjectObjectVersion = 77;
			productRefGroup = 246AF4A22EEB0F1F0029072F /* Products */;
			projectDirPath = "";
			projectRoot = "";
			targets = (
				246AF4A02EEB0F1F0029072F /* benk */,
				246AF4AD2EEB0F200029072F /* benkTests */,
				246AF4B72EEB0F210029072F /* benkUITests */,
			);
		};
/* End PBXProject section */

/* Begin PBXResourcesBuildPhase section */
		246AF49F2EEB0F1F0029072F /* Resources */ = {
			isa = PBXResourcesBuildPhase;
			buildActionMask = 2147483647;
			files = (
			);
			runOnlyForDeploymentPostprocessing = 0;
		};
		246AF4AC2EEB0F200029072F /* Resources */ = {
			isa = PBXResourcesBuildPhase;
			buildActionMask = 2147483647;
			files = (
			);
			runOnlyForDeploymentPostprocessing = 0;
		};
		246AF4B62EEB0F210029072F /* Resources */ = {
			isa = PBXResourcesBuildPhase;
			buildActionMask = 2147483647;
			files = (
			);
			runOnlyForDeploymentPostprocessing = 0;
		};
/* End PBXResourcesBuildPhase section */

/* Begin PBXSourcesBuildPhase section */
		246AF49D2EEB0F1F0029072F /* Sources */ = {
			isa = PBXSourcesBuildPhase;
			buildActionMask = 2147483647;
			files = (
			);
			runOnlyForDeploymentPostprocessing = 0;
		};
		246AF4AA2EEB0F200029072F /* Sources */ = {
			isa = PBXSourcesBuildPhase;
			buildActionMask = 2147483647;
			files = (
			);
			runOnlyForDeploymentPostprocessing = 0;
		};
		246AF4B42EEB0F210029072F /* Sources */ = {
			isa = PBXSourcesBuildPhase;
			buildActionMask = 2147483647;
			files = (
			);
			runOnlyForDeploymentPostprocessing = 0;
		};
/* End PBXSourcesBuildPhase section */

/* Begin PBXTargetDependency section */
		246AF4B02EEB0F200029072F /* PBXTargetDependency */ = {
			isa = PBXTargetDependency;
			target = 246AF4A02EEB0F1F0029072F /* benk */;
			targetProxy = 246AF4AF2EEB0F200029072F /* PBXContainerItemProxy */;
		};
		246AF4BA2EEB0F210029072F /* PBXTargetDependency */ = {
			isa = PBXTargetDependency;
			target = 246AF4A02EEB0F1F0029072F /* benk */;
			targetProxy = 246AF4B92EEB0F210029072F /* PBXContainerItemProxy */;
		};
/* End PBXTargetDependency section */

/* Begin XCBuildConfiguration section */
		246AF4C02EEB0F210029072F /* Debug */ = {
			isa = XCBuildConfiguration;
			buildSettings = {
				ALWAYS_SEARCH_USER_PATHS = NO;
				ASSETCATALOG_COMPILER_GENERATE_SWIFT_ASSET_SYMBOL_EXTENSIONS = YES;
				CLANG_ANALYZER_NONNULL = YES;
				CLANG_ANALYZER_NUMBER_OBJECT_CONVERSION = YES_AGGRESSIVE;
				CLANG_CXX_LANGUAGE_STANDARD = "gnu++20";
				CLANG_ENABLE_MODULES = YES;
				CLANG_ENABLE_OBJC_ARC = YES;
				CLANG_ENABLE_OBJC_WEAK = YES;
				CLANG_WARN_BLOCK_CAPTURE_AUTORELEASING = YES;
				CLANG_WARN_BOOL_CONVERSION = YES;
				CLANG_WARN_COMMA = YES;
				CLANG_WARN_CONSTANT_CONVERSION = YES;
				CLANG_WARN_DEPRECATED_OBJC_IMPLEMENTATIONS = YES;
				CLANG_WARN_DIRECT_OBJC_ISA_USAGE = YES_ERROR;
				CLANG_WARN_DOCUMENTATION_COMMENTS = YES;
				CLANG_WARN_EMPTY_BODY = YES;
				CLANG_WARN_ENUM_CONVERSION = YES;
				CLANG_WARN_INFINITE_RECURSION = YES;
				CLANG_WARN_INT_CONVERSION = YES;
				CLANG_WARN_NON_LITERAL_NULL_CONVERSION = YES;
				CLANG_WARN_OBJC_IMPLICIT_RETAIN_SELF = YES;
				CLANG_WARN_OBJC_LITERAL_CONVERSION = YES;
				CLANG_WARN_OBJC_ROOT_CLASS = YES_ERROR;
				CLANG_WARN_QUOTED_INCLUDE_IN_FRAMEWORK_HEADER = YES;
				CLANG_WARN_RANGE_LOOP_ANALYSIS = YES;
				CLANG_WARN_STRICT_PROTOTYPES = YES;
				CLANG_WARN_SUSPICIOUS_MOVE = YES;
				CLANG_WARN_UNGUARDED_AVAILABILITY = YES_AGGRESSIVE;
				CLANG_WARN_UNREACHABLE_CODE = YES;
				CLANG_WARN__DUPLICATE_METHOD_MATCH = YES;
				COPY_PHASE_STRIP = NO;
				DEBUG_INFORMATION_FORMAT = dwarf;
				ENABLE_STRICT_OBJC_MSGSEND = YES;
				ENABLE_TESTABILITY = YES;
				ENABLE_USER_SCRIPT_SANDBOXING = YES;
				GCC_C_LANGUAGE_STANDARD = gnu17;
				GCC_DYNAMIC_NO_PIC = NO;
				GCC_NO_COMMON_BLOCKS = YES;
				GCC_OPTIMIZATION_LEVEL = 0;
				GCC_PREPROCESSOR_DEFINITIONS = (
					"DEBUG=1",
					"$(inherited)",
				);
				GCC_WARN_64_TO_32_BIT_CONVERSION = YES;
				GCC_WARN_ABOUT_RETURN_TYPE = YES_ERROR;
				GCC_WARN_UNDECLARED_SELECTOR = YES;
				GCC_WARN_UNINITIALIZED_AUTOS = YES_AGGRESSIVE;
				GCC_WARN_UNUSED_FUNCTION = YES;
				GCC_WARN_UNUSED_VARIABLE = YES;
				IPHONEOS_DEPLOYMENT_TARGET = 18.5;
				LOCALIZATION_PREFERS_STRING_CATALOGS = YES;
				MTL_ENABLE_DEBUG_INFO = INCLUDE_SOURCE;
				MTL_FAST_MATH = YES;
				ONLY_ACTIVE_ARCH = YES;
				PRODUCT_NAME = benk;
				SDKROOT = iphoneos;
				SWIFT_ACTIVE_COMPILATION_CONDITIONS = "DEBUG $(inherited)";
				SWIFT_OPTIMIZATION_LEVEL = "-Onone";
			};
			name = Debug;
		};
		246AF4C12EEB0F210029072F /* Release */ = {
			isa = XCBuildConfiguration;
			buildSettings = {
				ALWAYS_SEARCH_USER_PATHS = NO;
				ASSETCATALOG_COMPILER_GENERATE_SWIFT_ASSET_SYMBOL_EXTENSIONS = YES;
				CLANG_ANALYZER_NONNULL = YES;
				CLANG_ANALYZER_NUMBER_OBJECT_CONVERSION = YES_AGGRESSIVE;
				CLANG_CXX_LANGUAGE_STANDARD = "gnu++20";
				CLANG_ENABLE_MODULES = YES;
				CLANG_ENABLE_OBJC_ARC = YES;
				CLANG_ENABLE_OBJC_WEAK = YES;
				CLANG_WARN_BLOCK_CAPTURE_AUTORELEASING = YES;
				CLANG_WARN_BOOL_CONVERSION = YES;
				CLANG_WARN_COMMA = YES;
				CLANG_WARN_CONSTANT_CONVERSION = YES;
				CLANG_WARN_DEPRECATED_OBJC_IMPLEMENTATIONS = YES;
				CLANG_WARN_DIRECT_OBJC_ISA_USAGE = YES_ERROR;
				CLANG_WARN_DOCUMENTATION_COMMENTS = YES;
				CLANG_WARN_EMPTY_BODY = YES;
				CLANG_WARN_ENUM_CONVERSION = YES;
				CLANG_WARN_INFINITE_RECURSION = YES;
				CLANG_WARN_INT_CONVERSION = YES;
				CLANG_WARN_NON_LITERAL_NULL_CONVERSION = YES;
				CLANG_WARN_OBJC_IMPLICIT_RETAIN_SELF = YES;
				CLANG_WARN_OBJC_LITERAL_CONVERSION = YES;
				CLANG_WARN_OBJC_ROOT_CLASS = YES_ERROR;
				CLANG_WARN_QUOTED_INCLUDE_IN_FRAMEWORK_HEADER = YES;
				CLANG_WARN_RANGE_LOOP_ANALYSIS = YES;
				CLANG_WARN_STRICT_PROTOTYPES = YES;
				CLANG_WARN_SUSPICIOUS_MOVE = YES;
				CLANG_WARN_UNGUARDED_AVAILABILITY = YES_AGGRESSIVE;
				CLANG_WARN_UNREACHABLE_CODE = YES;
				CLANG_WARN__DUPLICATE_METHOD_MATCH = YES;
				COPY_PHASE_STRIP = NO;
				DEBUG_INFORMATION_FORMAT = "dwarf-with-dsym";
				ENABLE_NS_ASSERTIONS = NO;
				ENABLE_STRICT_OBJC_MSGSEND = YES;
				ENABLE_USER_SCRIPT_SANDBOXING = YES;
				GCC_C_LANGUAGE_STANDARD = gnu17;
				GCC_NO_COMMON_BLOCKS = YES;
				GCC_WARN_64_TO_32_BIT_CONVERSION = YES;
				GCC_WARN_ABOUT_RETURN_TYPE = YES_ERROR;
				GCC_WARN_UNDECLARED_SELECTOR = YES;
				GCC_WARN_UNINITIALIZED_AUTOS = YES_AGGRESSIVE;
				GCC_WARN_UNUSED_FUNCTION = YES;
				GCC_WARN_UNUSED_VARIABLE = YES;
				IPHONEOS_DEPLOYMENT_TARGET = 18.5;
				LOCALIZATION_PREFERS_STRING_CATALOGS = YES;
				MTL_ENABLE_DEBUG_INFO = NO;
				MTL_FAST_MATH = YES;
				PRODUCT_NAME = benk;
				SDKROOT = iphoneos;
				SWIFT_COMPILATION_MODE = wholemodule;
				VALIDATE_PRODUCT = YES;
			};
			name = Release;
		};
		246AF4C32EEB0F210029072F /* Debug */ = {
			isa = XCBuildConfiguration;
			buildSettings = {
				ASSETCATALOG_COMPILER_APPICON_NAME = AppIcon;
				ASSETCATALOG_COMPILER_GLOBAL_ACCENT_COLOR_NAME = AccentColor;
				CLANG_ENABLE_MODULES = YES;
				CODE_SIGN_STYLE = Automatic;
				CURRENT_PROJECT_VERSION = 1;
				DEVELOPMENT_TEAM = JH7UKSSG78;
				ENABLE_PREVIEWS = YES;
				GENERATE_INFOPLIST_FILE = YES;
				INFOPLIST_KEY_UIApplicationSceneManifest_Generation = YES;
				INFOPLIST_KEY_UIApplicationSupportsIndirectInputEvents = YES;
				INFOPLIST_KEY_UILaunchScreen_Generation = YES;
				INFOPLIST_KEY_UISupportedInterfaceOrientations_iPad = "UIInterfaceOrientationPortrait UIInterfaceOrientationPortraitUpsideDown UIInterfaceOrientationLandscapeLeft UIInterfaceOrientationLandscapeRight";
				INFOPLIST_KEY_UISupportedInterfaceOrientations_iPhone = "UIInterfaceOrientationPortrait UIInterfaceOrientationLandscapeLeft UIInterfaceOrientationLandscapeRight";
				LD_RUNPATH_SEARCH_PATHS = (
					"$(inherited)",
					"@executable_path/Frameworks",
				);
				MARKETING_VERSION = 1.0;
				PRODUCT_BUNDLE_IDENTIFIER = mailapp.StudyQuestApp;
				PRODUCT_NAME = benk;
				SWIFT_EMIT_LOC_STRINGS = YES;
				SWIFT_OPTIMIZATION_LEVEL = "-Onone";
				SWIFT_VERSION = 5.0;
				TARGETED_DEVICE_FAMILY = "1,2";
			};
			name = Debug;
		};
		246AF4C42EEB0F210029072F /* Release */ = {
			isa = XCBuildConfiguration;
			buildSettings = {
				ASSETCATALOG_COMPILER_APPICON_NAME = AppIcon;
				ASSETCATALOG_COMPILER_GLOBAL_ACCENT_COLOR_NAME = AccentColor;
				CLANG_ENABLE_MODULES = YES;
				CODE_SIGN_STYLE = Automatic;
				CURRENT_PROJECT_VERSION = 1;
				DEVELOPMENT_TEAM = JH7UKSSG78;
				ENABLE_PREVIEWS = YES;
				GENERATE_INFOPLIST_FILE = YES;
				INFOPLIST_KEY_UIApplicationSceneManifest_Generation = YES;
				INFOPLIST_KEY_UIApplicationSupportsIndirectInputEvents = YES;
				INFOPLIST_KEY_UILaunchScreen_Generation = YES;
				INFOPLIST_KEY_UISupportedInterfaceOrientations_iPad = "UIInterfaceOrientationPortrait UIInterfaceOrientationPortraitUpsideDown UIInterfaceOrientationLandscapeLeft UIInterfaceOrientationLandscapeRight";
				INFOPLIST_KEY_UISupportedInterfaceOrientations_iPhone = "UIInterfaceOrientationPortrait UIInterfaceOrientationLandscapeLeft UIInterfaceOrientationLandscapeRight";
				LD_RUNPATH_SEARCH_PATHS = (
					"$(inherited)",
					"@executable_path/Frameworks",
				);
				MARKETING_VERSION = 1.0;
				PRODUCT_BUNDLE_IDENTIFIER = mailapp.StudyQuestApp;
				PRODUCT_NAME = benk;
				SWIFT_EMIT_LOC_STRINGS = YES;
				SWIFT_VERSION = 5.0;
				TARGETED_DEVICE_FAMILY = "1,2";
			};
			name = Release;
		};
		246AF4C62EEB0F210029072F /* Debug */ = {
			isa = XCBuildConfiguration;
			buildSettings = {
				BUNDLE_LOADER = "$(TEST_HOST)";
				CLANG_ENABLE_MODULES = YES;
				CODE_SIGN_STYLE = Automatic;
				CURRENT_PROJECT_VERSION = 1;
				GENERATE_INFOPLIST_FILE = YES;
				IPHONEOS_DEPLOYMENT_TARGET = 18.5;
				MARKETING_VERSION = 1.0;
				PRODUCT_BUNDLE_IDENTIFIER = mailapp.StudyQuestAppTests;
				PRODUCT_NAME = "$(TARGET_NAME)";
				SWIFT_EMIT_LOC_STRINGS = NO;
				SWIFT_OBJC_BRIDGING_HEADER = "StudyQuestAppTests/StudyQuestAppTests-Bridging-Header.h";
				SWIFT_OPTIMIZATION_LEVEL = "-Onone";
				SWIFT_VERSION = 5.0;
				TARGETED_DEVICE_FAMILY = "1,2";
				TEST_HOST = "$(BUILT_PRODUCTS_DIR)/benk.app/$(BUNDLE_EXECUTABLE_FOLDER_PATH)/benk";
			};
			name = Debug;
		};
		246AF4C72EEB0F210029072F /* Release */ = {
			isa = XCBuildConfiguration;
			buildSettings = {
				BUNDLE_LOADER = "$(TEST_HOST)";
				CLANG_ENABLE_MODULES = YES;
				CODE_SIGN_STYLE = Automatic;
				CURRENT_PROJECT_VERSION = 1;
				GENERATE_INFOPLIST_FILE = YES;
				IPHONEOS_DEPLOYMENT_TARGET = 18.5;
				MARKETING_VERSION = 1.0;
				PRODUCT_BUNDLE_IDENTIFIER = mailapp.StudyQuestAppTests;
				PRODUCT_NAME = "$(TARGET_NAME)";
				SWIFT_EMIT_LOC_STRINGS = NO;
				SWIFT_OBJC_BRIDGING_HEADER = "StudyQuestAppTests/StudyQuestAppTests-Bridging-Header.h";
				SWIFT_VERSION = 5.0;
				TARGETED_DEVICE_FAMILY = "1,2";
				TEST_HOST = "$(BUILT_PRODUCTS_DIR)/benk.app/$(BUNDLE_EXECUTABLE_FOLDER_PATH)/benk";
			};
			name = Release;
		};
		246AF4C92EEB0F210029072F /* Debug */ = {
			isa = XCBuildConfiguration;
			buildSettings = {
				CODE_SIGN_STYLE = Automatic;
				CURRENT_PROJECT_VERSION = 1;
				GENERATE_INFOPLIST_FILE = YES;
				MARKETING_VERSION = 1.0;
				PRODUCT_BUNDLE_IDENTIFIER = mailapp.StudyQuestAppUITests;
				PRODUCT_NAME = "$(TARGET_NAME)";
				SWIFT_EMIT_LOC_STRINGS = NO;
				SWIFT_VERSION = 5.0;
				TARGETED_DEVICE_FAMILY = "1,2";
				TEST_TARGET_NAME = StudyQuestApp;
			};
			name = Debug;
		};
		246AF4CA2EEB0F210029072F /* Release */ = {
			isa = XCBuildConfiguration;
			buildSettings = {
				CODE_SIGN_STYLE = Automatic;
				CURRENT_PROJECT_VERSION = 1;
				GENERATE_INFOPLIST_FILE = YES;
				MARKETING_VERSION = 1.0;
				PRODUCT_BUNDLE_IDENTIFIER = mailapp.StudyQuestAppUITests;
				PRODUCT_NAME = "$(TARGET_NAME)";
				SWIFT_EMIT_LOC_STRINGS = NO;
				SWIFT_VERSION = 5.0;
				TARGETED_DEVICE_FAMILY = "1,2";
				TEST_TARGET_NAME = StudyQuestApp;
			};
			name = Release;
		};
/* End XCBuildConfiguration section */

/* Begin XCConfigurationList section */
		246AF49C2EEB0F1F0029072F /* Build configuration list for PBXProject "benk" */ = {
			isa = XCConfigurationList;
			buildConfigurations = (
				246AF4C02EEB0F210029072F /* Debug */,
				246AF4C12EEB0F210029072F /* Release */,
			);
			defaultConfigurationIsVisible = 0;
			defaultConfigurationName = Release;
		};
		246AF4C22EEB0F210029072F /* Build configuration list for PBXNativeTarget "benk" */ = {
			isa = XCConfigurationList;
			buildConfigurations = (
				246AF4C32EEB0F210029072F /* Debug */,
				246AF4C42EEB0F210029072F /* Release */,
			);
			defaultConfigurationIsVisible = 0;
			defaultConfigurationName = Release;
		};
		246AF4C52EEB0F210029072F /* Build configuration list for PBXNativeTarget "benkTests" */ = {
			isa = XCConfigurationList;
			buildConfigurations = (
				246AF4C62EEB0F210029072F /* Debug */,
				246AF4C72EEB0F210029072F /* Release */,
			);
			defaultConfigurationIsVisible = 0;
			defaultConfigurationName = Release;
		};
		246AF4C82EEB0F210029072F /* Build configuration list for PBXNativeTarget "benkUITests" */ = {
			isa = XCConfigurationList;
			buildConfigurations = (
				246AF4C92EEB0F210029072F /* Debug */,
				246AF4CA2EEB0F210029072F /* Release */,
			);
			defaultConfigurationIsVisible = 0;
			defaultConfigurationName = Release;
		};
/* End XCConfigurationList section */
	};
	rootObject = 246AF4992EEB0F1F0029072F /* Project object */;
}
